
Microsoft Visual Studio Solution File, Format Version 12.00
# Visual Studio 15
VisualStudioVersion = 15.0.27428.2015
MinimumVisualStudioVersion = 10.0.40219.1
Project("{FAE04EC0-301F-11D3-BF4B-00C04F79EFBC}") = "Delegates_Console", "Delegates_Console\Delegates_Console.csproj", "{B2E35258-6F60-4978-B4C3-615EF0119172}"
EndProject
Global
	GlobalSection(SolutionConfigurationPlatforms) = preSolution
		Debug|Any CPU = Debug|Any CPU
		Release|Any CPU = Release|Any CPU
	EndGlobalSection
	GlobalSection(ProjectConfigurationPlatforms) = postSolution
		{B2E35258-6F60-4978-B4C3-615EF0119172}.Debug|Any CPU.ActiveCfg = Debug|Any CPU
		{B2E35258-6F60-4978-B4C3-615EF0119172}.Debug|Any CPU.Build.0 = Debug|Any CPU
		{B2E35258-6F60-4978-B4C3-615EF0119172}.Release|Any CPU.ActiveCfg = Release|Any CPU
		{B2E35258-6F60-4978-B4C3-615EF0119172}.Release|Any CPU.Build.0 = Release|Any CPU
	EndGlobalSection
	GlobalSection(SolutionProperties) = preSolution
		HideSolutionNode = FALSE
	EndGlobalSection
	GlobalSection(ExtensibilityGlobals) = postSolution
		SolutionGuid = {7D8C477E-9252-4688-B8A6-F8F2D261912F}
	EndGlobalSection
EndGlobal
