
Microsoft Visual Studio Solution File, Format Version 12.00
# Visual Studio 15
VisualStudioVersion = 15.0.28010.2026
MinimumVisualStudioVersion = 10.0.40219.1
Project("{9A19103F-16F7-4668-BE54-9A1E7A4F7556}") = "SuperApp.Api", "SuperApp.Api.csproj", "{DBFA4595-6275-4F0E-AB5D-068EBF1780E3}"
EndProject
Global
	GlobalSection(SolutionConfigurationPlatforms) = preSolution
		Debug|Any CPU = Debug|Any CPU
		Release|Any CPU = Release|Any CPU
	EndGlobalSection
	GlobalSection(ProjectConfigurationPlatforms) = postSolution
		{DBFA4595-6275-4F0E-AB5D-068EBF1780E3}.Debug|Any CPU.ActiveCfg = Debug|Any CPU
		{DBFA4595-6275-4F0E-AB5D-068EBF1780E3}.Debug|Any CPU.Build.0 = Debug|Any CPU
		{DBFA4595-6275-4F0E-AB5D-068EBF1780E3}.Release|Any CPU.ActiveCfg = Release|Any CPU
		{DBFA4595-6275-4F0E-AB5D-068EBF1780E3}.Release|Any CPU.Build.0 = Release|Any CPU
	EndGlobalSection
	GlobalSection(SolutionProperties) = preSolution
		HideSolutionNode = FALSE
	EndGlobalSection
	GlobalSection(ExtensibilityGlobals) = postSolution
		SolutionGuid = {D6938BAA-BA2A-4297-987A-2A7F33709CEA}
	EndGlobalSection
EndGlobal
