
Microsoft Visual Studio Solution File, Format Version 12.00
# Visual Studio 15
VisualStudioVersion = 15.0.27428.2015
MinimumVisualStudioVersion = 10.0.40219.1
Project("{FAE04EC0-301F-11D3-BF4B-00C04F79EFBC}") = "MvcMovie", "MvcMovie\MvcMovie.csproj", "{936B6066-824D-4C53-BF9D-840E4F485FFF}"
EndProject
Global
	GlobalSection(SolutionConfigurationPlatforms) = preSolution
		Debug|Any CPU = Debug|Any CPU
		Release|Any CPU = Release|Any CPU
	EndGlobalSection
	GlobalSection(ProjectConfigurationPlatforms) = postSolution
		{936B6066-824D-4C53-BF9D-840E4F485FFF}.Debug|Any CPU.ActiveCfg = Debug|Any CPU
		{936B6066-824D-4C53-BF9D-840E4F485FFF}.Debug|Any CPU.Build.0 = Debug|Any CPU
		{936B6066-824D-4C53-BF9D-840E4F485FFF}.Release|Any CPU.ActiveCfg = Release|Any CPU
		{936B6066-824D-4C53-BF9D-840E4F485FFF}.Release|Any CPU.Build.0 = Release|Any CPU
	EndGlobalSection
	GlobalSection(SolutionProperties) = preSolution
		HideSolutionNode = FALSE
	EndGlobalSection
	GlobalSection(ExtensibilityGlobals) = postSolution
		SolutionGuid = {35076175-86E7-4EB0-8776-B3E3EF033632}
	EndGlobalSection
EndGlobal
