
Microsoft Visual Studio Solution File, Format Version 12.00
# Visual Studio 15
VisualStudioVersion = 15.0.27428.2015
MinimumVisualStudioVersion = 10.0.40219.1
Project("{FAE04EC0-301F-11D3-BF4B-00C04F79EFBC}") = "HomeWork3", "HomeWork3\HomeWork3.csproj", "{66FB71C1-A00C-4927-9449-8D2AB3588794}"
EndProject
Global
	GlobalSection(SolutionConfigurationPlatforms) = preSolution
		Debug|Any CPU = Debug|Any CPU
		Release|Any CPU = Release|Any CPU
	EndGlobalSection
	GlobalSection(ProjectConfigurationPlatforms) = postSolution
		{66FB71C1-A00C-4927-9449-8D2AB3588794}.Debug|Any CPU.ActiveCfg = Debug|Any CPU
		{66FB71C1-A00C-4927-9449-8D2AB3588794}.Debug|Any CPU.Build.0 = Debug|Any CPU
		{66FB71C1-A00C-4927-9449-8D2AB3588794}.Release|Any CPU.ActiveCfg = Release|Any CPU
		{66FB71C1-A00C-4927-9449-8D2AB3588794}.Release|Any CPU.Build.0 = Release|Any CPU
	EndGlobalSection
	GlobalSection(SolutionProperties) = preSolution
		HideSolutionNode = FALSE
	EndGlobalSection
	GlobalSection(ExtensibilityGlobals) = postSolution
		SolutionGuid = {7C5E0956-97EF-47C9-9380-7A13DFBCD70B}
	EndGlobalSection
EndGlobal
