
Microsoft Visual Studio Solution File, Format Version 12.00
# Visual Studio 15
VisualStudioVersion = 15.0.27428.2015
MinimumVisualStudioVersion = 10.0.40219.1
Project("{FAE04EC0-301F-11D3-BF4B-00C04F79EFBC}") = "HomeWork4", "HomeWork4\HomeWork4.csproj", "{752D43C3-55B7-4F86-9045-772527095038}"
EndProject
Project("{FAE04EC0-301F-11D3-BF4B-00C04F79EFBC}") = "ColorOfBanana", "ColorOfBanana\ColorOfBanana.csproj", "{287501D4-B004-48C2-BA9F-5F1135408F2D}"
EndProject
Global
	GlobalSection(SolutionConfigurationPlatforms) = preSolution
		Debug|Any CPU = Debug|Any CPU
		Release|Any CPU = Release|Any CPU
	EndGlobalSection
	GlobalSection(ProjectConfigurationPlatforms) = postSolution
		{752D43C3-55B7-4F86-9045-772527095038}.Debug|Any CPU.ActiveCfg = Debug|Any CPU
		{752D43C3-55B7-4F86-9045-772527095038}.Debug|Any CPU.Build.0 = Debug|Any CPU
		{752D43C3-55B7-4F86-9045-772527095038}.Release|Any CPU.ActiveCfg = Release|Any CPU
		{752D43C3-55B7-4F86-9045-772527095038}.Release|Any CPU.Build.0 = Release|Any CPU
		{287501D4-B004-48C2-BA9F-5F1135408F2D}.Debug|Any CPU.ActiveCfg = Debug|Any CPU
		{287501D4-B004-48C2-BA9F-5F1135408F2D}.Debug|Any CPU.Build.0 = Debug|Any CPU
		{287501D4-B004-48C2-BA9F-5F1135408F2D}.Release|Any CPU.ActiveCfg = Release|Any CPU
		{287501D4-B004-48C2-BA9F-5F1135408F2D}.Release|Any CPU.Build.0 = Release|Any CPU
	EndGlobalSection
	GlobalSection(SolutionProperties) = preSolution
		HideSolutionNode = FALSE
	EndGlobalSection
	GlobalSection(ExtensibilityGlobals) = postSolution
		SolutionGuid = {94D1A003-15DA-4D2E-9237-E0CC33825B11}
	EndGlobalSection
EndGlobal
