
Microsoft Visual Studio Solution File, Format Version 12.00
# Visual Studio 15
VisualStudioVersion = 15.0.27428.2015
MinimumVisualStudioVersion = 10.0.40219.1
Project("{FAE04EC0-301F-11D3-BF4B-00C04F79EFBC}") = "LinQ_for_Table_Contact", "LinQ_for_Table_Contact\LinQ_for_Table_Contact.csproj", "{E2946FC9-A20B-40AC-A285-EBC97A84DAED}"
EndProject
Global
	GlobalSection(SolutionConfigurationPlatforms) = preSolution
		Debug|Any CPU = Debug|Any CPU
		Release|Any CPU = Release|Any CPU
	EndGlobalSection
	GlobalSection(ProjectConfigurationPlatforms) = postSolution
		{E2946FC9-A20B-40AC-A285-EBC97A84DAED}.Debug|Any CPU.ActiveCfg = Debug|Any CPU
		{E2946FC9-A20B-40AC-A285-EBC97A84DAED}.Debug|Any CPU.Build.0 = Debug|Any CPU
		{E2946FC9-A20B-40AC-A285-EBC97A84DAED}.Release|Any CPU.ActiveCfg = Release|Any CPU
		{E2946FC9-A20B-40AC-A285-EBC97A84DAED}.Release|Any CPU.Build.0 = Release|Any CPU
	EndGlobalSection
	GlobalSection(SolutionProperties) = preSolution
		HideSolutionNode = FALSE
	EndGlobalSection
	GlobalSection(ExtensibilityGlobals) = postSolution
		SolutionGuid = {14E5EE81-9F0A-4AB3-A827-8D5506DCB17F}
	EndGlobalSection
EndGlobal
