
Microsoft Visual Studio Solution File, Format Version 12.00
# Visual Studio 15
VisualStudioVersion = 15.0.27428.2015
MinimumVisualStudioVersion = 10.0.40219.1
Project("{FAE04EC0-301F-11D3-BF4B-00C04F79EFBC}") = "Generics", "Generics\Generics.csproj", "{A998B2EE-F53D-4987-8919-28BEC87E68C1}"
EndProject
Global
	GlobalSection(SolutionConfigurationPlatforms) = preSolution
		Debug|Any CPU = Debug|Any CPU
		Release|Any CPU = Release|Any CPU
	EndGlobalSection
	GlobalSection(ProjectConfigurationPlatforms) = postSolution
		{A998B2EE-F53D-4987-8919-28BEC87E68C1}.Debug|Any CPU.ActiveCfg = Debug|Any CPU
		{A998B2EE-F53D-4987-8919-28BEC87E68C1}.Debug|Any CPU.Build.0 = Debug|Any CPU
		{A998B2EE-F53D-4987-8919-28BEC87E68C1}.Release|Any CPU.ActiveCfg = Release|Any CPU
		{A998B2EE-F53D-4987-8919-28BEC87E68C1}.Release|Any CPU.Build.0 = Release|Any CPU
	EndGlobalSection
	GlobalSection(SolutionProperties) = preSolution
		HideSolutionNode = FALSE
	EndGlobalSection
	GlobalSection(ExtensibilityGlobals) = postSolution
		SolutionGuid = {B256ACFA-CD20-48E7-8C37-AE8A715AA3FC}
	EndGlobalSection
EndGlobal
